
Microsoft Visual Studio Solution File, Format Version 12.00
# Visual Studio 15
VisualStudioVersion = 15.0.28307.902
MinimumVisualStudioVersion = 10.0.40219.1
Project("{FAE04EC0-301F-11D3-BF4B-00C04F79EFBC}") = "User", "User\User.csproj", "{04159FAD-19C7-4A37-9CA0-59D121B3D5E9}"
EndProject
Project("{FAE04EC0-301F-11D3-BF4B-00C04F79EFBC}") = "testing", "testing\testing.csproj", "{AB009B4F-709D-4FAD-B8F2-96848B3481A5}"
EndProject
Global
	GlobalSection(SolutionConfigurationPlatforms) = preSolution
		Debug|Any CPU = Debug|Any CPU
		Release|Any CPU = Release|Any CPU
	EndGlobalSection
	GlobalSection(ProjectConfigurationPlatforms) = postSolution
		{04159FAD-19C7-4A37-9CA0-59D121B3D5E9}.Debug|Any CPU.ActiveCfg = Debug|Any CPU
		{04159FAD-19C7-4A37-9CA0-59D121B3D5E9}.Debug|Any CPU.Build.0 = Debug|Any CPU
		{04159FAD-19C7-4A37-9CA0-59D121B3D5E9}.Release|Any CPU.ActiveCfg = Release|Any CPU
		{04159FAD-19C7-4A37-9CA0-59D121B3D5E9}.Release|Any CPU.Build.0 = Release|Any CPU
		{AB009B4F-709D-4FAD-B8F2-96848B3481A5}.Debug|Any CPU.ActiveCfg = Debug|Any CPU
		{AB009B4F-709D-4FAD-B8F2-96848B3481A5}.Debug|Any CPU.Build.0 = Debug|Any CPU
		{AB009B4F-709D-4FAD-B8F2-96848B3481A5}.Release|Any CPU.ActiveCfg = Release|Any CPU
		{AB009B4F-709D-4FAD-B8F2-96848B3481A5}.Release|Any CPU.Build.0 = Release|Any CPU
	EndGlobalSection
	GlobalSection(SolutionProperties) = preSolution
		HideSolutionNode = FALSE
	EndGlobalSection
	GlobalSection(ExtensibilityGlobals) = postSolution
		SolutionGuid = {BEAE73D1-2DDC-4348-A3A4-EFCB00E060E7}
	EndGlobalSection
EndGlobal
